
Microsoft Visual Studio Solution File, Format Version 12.00
# Visual Studio Version 16
VisualStudioVersion = 16.0.29215.179
MinimumVisualStudioVersion = 10.0.40219.1
Project("{FAE04EC0-301F-11D3-BF4B-00C04F79EFBC}") = "Deliverable 2 - Conditional Statement", "Deliverable 2 - Conditional Statement.csproj", "{9709B46F-0F50-4554-80B8-98AF7C3F2531}"
EndProject
Global
	GlobalSection(SolutionConfigurationPlatforms) = preSolution
		Debug|Any CPU = Debug|Any CPU
		Release|Any CPU = Release|Any CPU
	EndGlobalSection
	GlobalSection(ProjectConfigurationPlatforms) = postSolution
		{9709B46F-0F50-4554-80B8-98AF7C3F2531}.Debug|Any CPU.ActiveCfg = Debug|Any CPU
		{9709B46F-0F50-4554-80B8-98AF7C3F2531}.Debug|Any CPU.Build.0 = Debug|Any CPU
		{9709B46F-0F50-4554-80B8-98AF7C3F2531}.Release|Any CPU.ActiveCfg = Release|Any CPU
		{9709B46F-0F50-4554-80B8-98AF7C3F2531}.Release|Any CPU.Build.0 = Release|Any CPU
	EndGlobalSection
	GlobalSection(SolutionProperties) = preSolution
		HideSolutionNode = FALSE
	EndGlobalSection
	GlobalSection(ExtensibilityGlobals) = postSolution
		SolutionGuid = {58155F15-1F63-4B0F-BA4D-F33736A6BBA4}
	EndGlobalSection
EndGlobal
